
Microsoft Visual Studio Solution File, Format Version 12.00
# Visual Studio Version 17
VisualStudioVersion = 17.6.33513.286
MinimumVisualStudioVersion = 10.0.40219.1
Project("{8BC9CEB8-8B4A-11D0-8D11-00A0C91BC942}") = "OOP4_1_", "OOP4_1_\OOP4_1_.vcxproj", "{0CD1D8E0-345A-4B9C-AEAB-2621A146D3A7}"
EndProject
Global
	GlobalSection(SolutionConfigurationPlatforms) = preSolution
		Debug|ARM64 = Debug|ARM64
		Debug|x64 = Debug|x64
		Debug|x86 = Debug|x86
		Release|ARM64 = Release|ARM64
		Release|x64 = Release|x64
		Release|x86 = Release|x86
	EndGlobalSection
	GlobalSection(ProjectConfigurationPlatforms) = postSolution
		{0CD1D8E0-345A-4B9C-AEAB-2621A146D3A7}.Debug|ARM64.ActiveCfg = Debug|ARM64
		{0CD1D8E0-345A-4B9C-AEAB-2621A146D3A7}.Debug|ARM64.Build.0 = Debug|ARM64
		{0CD1D8E0-345A-4B9C-AEAB-2621A146D3A7}.Debug|x64.ActiveCfg = Debug|x64
		{0CD1D8E0-345A-4B9C-AEAB-2621A146D3A7}.Debug|x64.Build.0 = Debug|x64
		{0CD1D8E0-345A-4B9C-AEAB-2621A146D3A7}.Debug|x86.ActiveCfg = Debug|Win32
		{0CD1D8E0-345A-4B9C-AEAB-2621A146D3A7}.Debug|x86.Build.0 = Debug|Win32
		{0CD1D8E0-345A-4B9C-AEAB-2621A146D3A7}.Release|ARM64.ActiveCfg = Release|ARM64
		{0CD1D8E0-345A-4B9C-AEAB-2621A146D3A7}.Release|ARM64.Build.0 = Release|ARM64
		{0CD1D8E0-345A-4B9C-AEAB-2621A146D3A7}.Release|x64.ActiveCfg = Release|x64
		{0CD1D8E0-345A-4B9C-AEAB-2621A146D3A7}.Release|x64.Build.0 = Release|x64
		{0CD1D8E0-345A-4B9C-AEAB-2621A146D3A7}.Release|x86.ActiveCfg = Release|Win32
		{0CD1D8E0-345A-4B9C-AEAB-2621A146D3A7}.Release|x86.Build.0 = Release|Win32
	EndGlobalSection
	GlobalSection(SolutionProperties) = preSolution
		HideSolutionNode = FALSE
	EndGlobalSection
	GlobalSection(ExtensibilityGlobals) = postSolution
		SolutionGuid = {EDAF729B-155B-4A3E-9F91-4993C9EA674C}
	EndGlobalSection
EndGlobal
